// !$*UTF8*$!
{
	archiveVersion = 1;
	classes = {
	};
	objectVersion = 46;
	objects = {

/* Begin PBXBuildFile section */
		4FA71AAF7B0CEC2F4470756D /* libPods-weex-ios-demo.a in Frameworks */ = {isa = PBXBuildFile; fileRef = 7D973C25D934DAD0A616F292 /* libPods-weex-ios-demo.a */; };
		A9339D831E9F6A6F008115A6 /* main.m in Sources */ = {isa = PBXBuildFile; fileRef = A9339D821E9F6A6F008115A6 /* main.m */; };
		A9339D861E9F6A6F008115A6 /* AppDelegate.m in Sources */ = {isa = PBXBuildFile; fileRef = A9339D851E9F6A6F008115A6 /* AppDelegate.m */; };
		A9339D891E9F6A6F008115A6 /* ViewController.m in Sources */ = {isa = PBXBuildFile; fileRef = A9339D881E9F6A6F008115A6 /* ViewController.m */; };
		A9339D8C1E9F6A6F008115A6 /* Main.storyboard in Resources */ = {isa = PBXBuildFile; fileRef = A9339D8A1E9F6A6F008115A6 /* Main.storyboard */; };
		A9339D8E1E9F6A6F008115A6 /* Assets.xcassets in Resources */ = {isa = PBXBuildFile; fileRef = A9339D8D1E9F6A6F008115A6 /* Assets.xcassets */; };
		A9339D911E9F6A6F008115A6 /* LaunchScreen.storyboard in Resources */ = {isa = PBXBuildFile; fileRef = A9339D8F1E9F6A6F008115A6 /* LaunchScreen.storyboard */; };
		A9339D9A1E9F7389008115A6 /* foo.js in Resources */ = {isa = PBXBuildFile; fileRef = A9339D991E9F7389008115A6 /* foo.js */; };
/* End PBXBuildFile section */

/* Begin PBXFileReference section */
		7D973C25D934DAD0A616F292 /* libPods-weex-ios-demo.a */ = {isa = PBXFileReference; explicitFileType = archive.ar; includeInIndex = 0; path = "libPods-weex-ios-demo.a"; sourceTree = BUILT_PRODUCTS_DIR; };
		A03B2E0D352DD62314D20EE4 /* Pods-weex-ios-demo.debug.xcconfig */ = {isa = PBXFileReference; includeInIndex = 1; lastKnownFileType = text.xcconfig; name = "Pods-weex-ios-demo.debug.xcconfig"; path = "Pods/Target Support Files/Pods-weex-ios-demo/Pods-weex-ios-demo.debug.xcconfig"; sourceTree = "<group>"; };
		A9339D7E1E9F6A6F008115A6 /* weex-ios-demo.app */ = {isa = PBXFileReference; explicitFileType = wrapper.application; includeInIndex = 0; path = "weex-ios-demo.app"; sourceTree = BUILT_PRODUCTS_DIR; };
		A9339D821E9F6A6F008115A6 /* main.m */ = {isa = PBXFileReference; lastKnownFileType = sourcecode.c.objc; path = main.m; sourceTree = "<group>"; };
		A9339D841E9F6A6F008115A6 /* AppDelegate.h */ = {isa = PBXFileReference; lastKnownFileType = sourcecode.c.h; path = AppDelegate.h; sourceTree = "<group>"; };
		A9339D851E9F6A6F008115A6 /* AppDelegate.m */ = {isa = PBXFileReference; lastKnownFileType = sourcecode.c.objc; path = AppDelegate.m; sourceTree = "<group>"; };
		A9339D871E9F6A6F008115A6 /* ViewController.h */ = {isa = PBXFileReference; lastKnownFileType = sourcecode.c.h; path = ViewController.h; sourceTree = "<group>"; };
		A9339D881E9F6A6F008115A6 /* ViewController.m */ = {isa = PBXFileReference; lastKnownFileType = sourcecode.c.objc; path = ViewController.m; sourceTree = "<group>"; };
		A9339D8B1E9F6A6F008115A6 /* Base */ = {isa = PBXFileReference; lastKnownFileType = file.storyboard; name = Base; path = Base.lproj/Main.storyboard; sourceTree = "<group>"; };
		A9339D8D1E9F6A6F008115A6 /* Assets.xcassets */ = {isa = PBXFileReference; lastKnownFileType = folder.assetcatalog; path = Assets.xcassets; sourceTree = "<group>"; };
		A9339D901E9F6A6F008115A6 /* Base */ = {isa = PBXFileReference; lastKnownFileType = file.storyboard; name = Base; path = Base.lproj/LaunchScreen.storyboard; sourceTree = "<group>"; };
		A9339D921E9F6A6F008115A6 /* Info.plist */ = {isa = PBXFileReference; lastKnownFileType = text.plist.xml; path = Info.plist; sourceTree = "<group>"; };
		A9339D991E9F7389008115A6 /* foo.js */ = {isa = PBXFileReference; fileEncoding = 4; lastKnownFileType = sourcecode.javascript; path = foo.js; sourceTree = "<group>"; };
		E6512EFBA8EF638895D640FA /* Pods-weex-ios-demo.release.xcconfig */ = {isa = PBXFileReference; includeInIndex = 1; lastKnownFileType = text.xcconfig; name = "Pods-weex-ios-demo.release.xcconfig"; path = "Pods/Target Support Files/Pods-weex-ios-demo/Pods-weex-ios-demo.release.xcconfig"; sourceTree = "<group>"; };
/* End PBXFileReference section */

/* Begin PBXFrameworksBuildPhase section */
		A9339D7B1E9F6A6F008115A6 /* Frameworks */ = {
			isa = PBXFrameworksBuildPhase;
			buildActionMask = 2147483647;
			files = (
				4FA71AAF7B0CEC2F4470756D /* libPods-weex-ios-demo.a in Frameworks */,
			);
			runOnlyForDeploymentPostprocessing = 0;
		};
/* End PBXFrameworksBuildPhase section */

/* Begin PBXGroup section */
		208AD4ABE8E530112FBC49DD /* Pods */ = {
			isa = PBXGroup;
			children = (
				A03B2E0D352DD62314D20EE4 /* Pods-weex-ios-demo.debug.xcconfig */,
				E6512EFBA8EF638895D640FA /* Pods-weex-ios-demo.release.xcconfig */,
			);
			name = Pods;
			sourceTree = "<group>";
		};
		A9339D751E9F6A6F008115A6 = {
			isa = PBXGroup;
			children = (
				A9339D981E9F7389008115A6 /* Resources */,
				A9339D801E9F6A6F008115A6 /* weex-ios-demo */,
				A9339D7F1E9F6A6F008115A6 /* Products */,
				208AD4ABE8E530112FBC49DD /* Pods */,
				B791A4059A0FAFCA4F9B5A9E /* Frameworks */,
			);
			sourceTree = "<group>";
		};
		A9339D7F1E9F6A6F008115A6 /* Products */ = {
			isa = PBXGroup;
			children = (
				A9339D7E1E9F6A6F008115A6 /* weex-ios-demo.app */,
			);
			name = Products;
			sourceTree = "<group>";
		};
		A9339D801E9F6A6F008115A6 /* weex-ios-demo */ = {
			isa = PBXGroup;
			children = (
				A9339D841E9F6A6F008115A6 /* AppDelegate.h */,
				A9339D851E9F6A6F008115A6 /* AppDelegate.m */,
				A9339D871E9F6A6F008115A6 /* ViewController.h */,
				A9339D881E9F6A6F008115A6 /* ViewController.m */,
				A9339D8A1E9F6A6F008115A6 /* Main.storyboard */,
				A9339D8D1E9F6A6F008115A6 /* Assets.xcassets */,
				A9339D8F1E9F6A6F008115A6 /* LaunchScreen.storyboard */,
				A9339D921E9F6A6F008115A6 /* Info.plist */,
				A9339D811E9F6A6F008115A6 /* Supporting Files */,
			);
			path = "weex-ios-demo";
			sourceTree = "<group>";
		};
		A9339D811E9F6A6F008115A6 /* Supporting Files */ = {
			isa = PBXGroup;
			children = (
				A9339D821E9F6A6F008115A6 /* main.m */,
			);
			name = "Supporting Files";
			sourceTree = "<group>";
		};
		A9339D981E9F7389008115A6 /* Resources */ = {
			isa = PBXGroup;
			children = (
				A9339D991E9F7389008115A6 /* foo.js */,
			);
			name = Resources;
			path = "weex-ios-demo/Resources";
			sourceTree = "<group>";
		};
		B791A4059A0FAFCA4F9B5A9E /* Frameworks */ = {
			isa = PBXGroup;
			children = (
				7D973C25D934DAD0A616F292 /* libPods-weex-ios-demo.a */,
			);
			name = Frameworks;
			sourceTree = "<group>";
		};
/* End PBXGroup section */

/* Begin PBXNativeTarget section */
		A9339D7D1E9F6A6F008115A6 /* weex-ios-demo */ = {
			isa = PBXNativeTarget;
			buildConfigurationList = A9339D951E9F6A6F008115A6 /* Build configuration list for PBXNativeTarget "weex-ios-demo" */;
			buildPhases = (
				A51FC85D6BB900C90EC8C8F5 /* [CP] Check Pods Manifest.lock */,
				A9339D7A1E9F6A6F008115A6 /* Sources */,
				A9339D7B1E9F6A6F008115A6 /* Frameworks */,
				A9339D7C1E9F6A6F008115A6 /* Resources */,
				1C12D3EE5CCE4FCB2FC12C38 /* [CP] Embed Pods Frameworks */,
				115841B625EEB5C11B2A51BD /* [CP] Copy Pods Resources */,
			);
			buildRules = (
			);
			dependencies = (
			);
			name = "weex-ios-demo";
			productName = "weex-ios-demo";
			productReference = A9339D7E1E9F6A6F008115A6 /* weex-ios-demo.app */;
			productType = "com.apple.product-type.application";
		};
/* End PBXNativeTarget section */

/* Begin PBXProject section */
		A9339D761E9F6A6F008115A6 /* Project object */ = {
			isa = PBXProject;
			attributes = {
				LastUpgradeCheck = 0820;
				ORGANIZATIONNAME = loostudy;
				TargetAttributes = {
					A9339D7D1E9F6A6F008115A6 = {
						CreatedOnToolsVersion = 8.2.1;
						DevelopmentTeam = DU764KF273;
						ProvisioningStyle = Automatic;
					};
				};
			};
			buildConfigurationList = A9339D791E9F6A6F008115A6 /* Build configuration list for PBXProject "weex-ios-demo" */;
			compatibilityVersion = "Xcode 3.2";
			developmentRegion = English;
			hasScannedForEncodings = 0;
			knownRegions = (
				en,
				Base,
			);
			mainGroup = A9339D751E9F6A6F008115A6;
			productRefGroup = A9339D7F1E9F6A6F008115A6 /* Products */;
			projectDirPath = "";
			projectRoot = "";
			targets = (
				A9339D7D1E9F6A6F008115A6 /* weex-ios-demo */,
			);
		};
/* End PBXProject section */

/* Begin PBXResourcesBuildPhase section */
		A9339D7C1E9F6A6F008115A6 /* Resources */ = {
			isa = PBXResourcesBuildPhase;
			buildActionMask = 2147483647;
			files = (
				A9339D911E9F6A6F008115A6 /* LaunchScreen.storyboard in Resources */,
				A9339D9A1E9F7389008115A6 /* foo.js in Resources */,
				A9339D8E1E9F6A6F008115A6 /* Assets.xcassets in Resources */,
				A9339D8C1E9F6A6F008115A6 /* Main.storyboard in Resources */,
			);
			runOnlyForDeploymentPostprocessing = 0;
		};
/* End PBXResourcesBuildPhase section */

/* Begin PBXShellScriptBuildPhase section */
		115841B625EEB5C11B2A51BD /* [CP] Copy Pods Resources */ = {
			isa = PBXShellScriptBuildPhase;
			buildActionMask = 2147483647;
			files = (
			);
			inputPaths = (
			);
			name = "[CP] Copy Pods Resources";
			outputPaths = (
			);
			runOnlyForDeploymentPostprocessing = 0;
			shellPath = /bin/sh;
			shellScript = "\"${SRCROOT}/Pods/Target Support Files/Pods-weex-ios-demo/Pods-weex-ios-demo-resources.sh\"\n";
			showEnvVarsInLog = 0;
		};
		1C12D3EE5CCE4FCB2FC12C38 /* [CP] Embed Pods Frameworks */ = {
			isa = PBXShellScriptBuildPhase;
			buildActionMask = 2147483647;
			files = (
			);
			inputPaths = (
			);
			name = "[CP] Embed Pods Frameworks";
			outputPaths = (
			);
			runOnlyForDeploymentPostprocessing = 0;
			shellPath = /bin/sh;
			shellScript = "\"${SRCROOT}/Pods/Target Support Files/Pods-weex-ios-demo/Pods-weex-ios-demo-frameworks.sh\"\n";
			showEnvVarsInLog = 0;
		};
		A51FC85D6BB900C90EC8C8F5 /* [CP] Check Pods Manifest.lock */ = {
			isa = PBXShellScriptBuildPhase;
			buildActionMask = 2147483647;
			files = (
			);
			inputPaths = (
			);
			name = "[CP] Check Pods Manifest.lock";
			outputPaths = (
			);
			runOnlyForDeploymentPostprocessing = 0;
			shellPath = /bin/sh;
			shellScript = "diff \"${PODS_PODFILE_DIR_PATH}/Podfile.lock\" \"${PODS_ROOT}/Manifest.lock\" > /dev/null\nif [ $? != 0 ] ; then\n    # print error to STDERR\n    echo \"error: The sandbox is not in sync with the Podfile.lock. Run 'pod install' or update your CocoaPods installation.\" >&2\n    exit 1\nfi\n";
			showEnvVarsInLog = 0;
		};
/* End PBXShellScriptBuildPhase section */

/* Begin PBXSourcesBuildPhase section */
		A9339D7A1E9F6A6F008115A6 /* Sources */ = {
			isa = PBXSourcesBuildPhase;
			buildActionMask = 2147483647;
			files = (
				A9339D891E9F6A6F008115A6 /* ViewController.m in Sources */,
				A9339D861E9F6A6F008115A6 /* AppDelegate.m in Sources */,
				A9339D831E9F6A6F008115A6 /* main.m in Sources */,
			);
			runOnlyForDeploymentPostprocessing = 0;
		};
/* End PBXSourcesBuildPhase section */

/* Begin PBXVariantGroup section */
		A9339D8A1E9F6A6F008115A6 /* Main.storyboard */ = {
			isa = PBXVariantGroup;
			children = (
				A9339D8B1E9F6A6F008115A6 /* Base */,
			);
			name = Main.storyboard;
			sourceTree = "<group>";
		};
		A9339D8F1E9F6A6F008115A6 /* LaunchScreen.storyboard */ = {
			isa = PBXVariantGroup;
			children = (
				A9339D901E9F6A6F008115A6 /* Base */,
			);
			name = LaunchScreen.storyboard;
			sourceTree = "<group>";
		};
/* End PBXVariantGroup section */

/* Begin XCBuildConfiguration section */
		A9339D931E9F6A6F008115A6 /* Debug */ = {
			isa = XCBuildConfiguration;
			buildSettings = {
				ALWAYS_SEARCH_USER_PATHS = NO;
				CLANG_ANALYZER_NONNULL = YES;
				CLANG_CXX_LANGUAGE_STANDARD = "gnu++0x";
				CLANG_CXX_LIBRARY = "libc++";
				CLANG_ENABLE_MODULES = YES;
				CLANG_ENABLE_OBJC_ARC = YES;
				CLANG_WARN_BOOL_CONVERSION = YES;
				CLANG_WARN_CONSTANT_CONVERSION = YES;
				CLANG_WARN_DIRECT_OBJC_ISA_USAGE = YES_ERROR;
				CLANG_WARN_DOCUMENTATION_COMMENTS = YES;
				CLANG_WARN_EMPTY_BODY = YES;
				CLANG_WARN_ENUM_CONVERSION = YES;
				CLANG_WARN_INFINITE_RECURSION = YES;
				CLANG_WARN_INT_CONVERSION = YES;
				CLANG_WARN_OBJC_ROOT_CLASS = YES_ERROR;
				CLANG_WARN_SUSPICIOUS_MOVE = YES;
				CLANG_WARN_UNREACHABLE_CODE = YES;
				CLANG_WARN__DUPLICATE_METHOD_MATCH = YES;
				"CODE_SIGN_IDENTITY[sdk=iphoneos*]" = "iPhone Developer";
				COPY_PHASE_STRIP = NO;
				DEBUG_INFORMATION_FORMAT = dwarf;
				ENABLE_STRICT_OBJC_MSGSEND = YES;
				ENABLE_TESTABILITY = YES;
				GCC_C_LANGUAGE_STANDARD = gnu99;
				GCC_DYNAMIC_NO_PIC = NO;
				GCC_NO_COMMON_BLOCKS = YES;
				GCC_OPTIMIZATION_LEVEL = 0;
				GCC_PREPROCESSOR_DEFINITIONS = (
					"DEBUG=1",
					"$(inherited)",
				);
				GCC_WARN_64_TO_32_BIT_CONVERSION = YES;
				GCC_WARN_ABOUT_RETURN_TYPE = YES_ERROR;
				GCC_WARN_UNDECLARED_SELECTOR = YES;
				GCC_WARN_UNINITIALIZED_AUTOS = YES_AGGRESSIVE;
				GCC_WARN_UNUSED_FUNCTION = YES;
				GCC_WARN_UNUSED_VARIABLE = YES;
				IPHONEOS_DEPLOYMENT_TARGET = 10.2;
				MTL_ENABLE_DEBUG_INFO = YES;
				ONLY_ACTIVE_ARCH = YES;
				SDKROOT = iphoneos;
			};
			name = Debug;
		};
		A9339D941E9F6A6F008115A6 /* Release */ = {
			isa = XCBuildConfiguration;
			buildSettings = {
				ALWAYS_SEARCH_USER_PATHS = NO;
				CLANG_ANALYZER_NONNULL = YES;
				CLANG_CXX_LANGUAGE_STANDARD = "gnu++0x";
				CLANG_CXX_LIBRARY = "libc++";
				CLANG_ENABLE_MODULES = YES;
				CLANG_ENABLE_OBJC_ARC = YES;
				CLANG_WARN_BOOL_CONVERSION = YES;
				CLANG_WARN_CONSTANT_CONVERSION = YES;
				CLANG_WARN_DIRECT_OBJC_ISA_USAGE = YES_ERROR;
				CLANG_WARN_DOCUMENTATION_COMMENTS = YES;
				CLANG_WARN_EMPTY_BODY = YES;
				CLANG_WARN_ENUM_CONVERSION = YES;
				CLANG_WARN_INFINITE_RECURSION = YES;
				CLANG_WARN_INT_CONVERSION = YES;
				CLANG_WARN_OBJC_ROOT_CLASS = YES_ERROR;
				CLANG_WARN_SUSPICIOUS_MOVE = YES;
				CLANG_WARN_UNREACHABLE_CODE = YES;
				CLANG_WARN__DUPLICATE_METHOD_MATCH = YES;
				"CODE_SIGN_IDENTITY[sdk=iphoneos*]" = "iPhone Developer";
				COPY_PHASE_STRIP = NO;
				DEBUG_INFORMATION_FORMAT = "dwarf-with-dsym";
				ENABLE_NS_ASSERTIONS = NO;
				ENABLE_STRICT_OBJC_MSGSEND = YES;
				GCC_C_LANGUAGE_STANDARD = gnu99;
				GCC_NO_COMMON_BLOCKS = YES;
				GCC_WARN_64_TO_32_BIT_CONVERSION = YES;
				GCC_WARN_ABOUT_RETURN_TYPE = YES_ERROR;
				GCC_WARN_UNDECLARED_SELECTOR = YES;
				GCC_WARN_UNINITIALIZED_AUTOS = YES_AGGRESSIVE;
				GCC_WARN_UNUSED_FUNCTION = YES;
				GCC_WARN_UNUSED_VARIABLE = YES;
				IPHONEOS_DEPLOYMENT_TARGET = 10.2;
				MTL_ENABLE_DEBUG_INFO = NO;
				SDKROOT = iphoneos;
				VALIDATE_PRODUCT = YES;
			};
			name = Release;
		};
		A9339D961E9F6A6F008115A6 /* Debug */ = {
			isa = XCBuildConfiguration;
			baseConfigurationReference = A03B2E0D352DD62314D20EE4 /* Pods-weex-ios-demo.debug.xcconfig */;
			buildSettings = {
				ASSETCATALOG_COMPILER_APPICON_NAME = AppIcon;
				DEVELOPMENT_TEAM = DU764KF273;
				INFOPLIST_FILE = "weex-ios-demo/Info.plist";
				LD_RUNPATH_SEARCH_PATHS = "$(inherited) @executable_path/Frameworks";
				PRODUCT_BUNDLE_IDENTIFIER = "cn.loostudy.weexdemo.weex-ios-demo";
				PRODUCT_NAME = "$(TARGET_NAME)";
			};
			name = Debug;
		};
		A9339D971E9F6A6F008115A6 /* Release */ = {
			isa = XCBuildConfiguration;
			baseConfigurationReference = E6512EFBA8EF638895D640FA /* Pods-weex-ios-demo.release.xcconfig */;
			buildSettings = {
				ASSETCATALOG_COMPILER_APPICON_NAME = AppIcon;
				DEVELOPMENT_TEAM = DU764KF273;
				INFOPLIST_FILE = "weex-ios-demo/Info.plist";
				LD_RUNPATH_SEARCH_PATHS = "$(inherited) @executable_path/Frameworks";
				PRODUCT_BUNDLE_IDENTIFIER = "cn.loostudy.weexdemo.weex-ios-demo";
				PRODUCT_NAME = "$(TARGET_NAME)";
			};
			name = Release;
		};
/* End XCBuildConfiguration section */

/* Begin XCConfigurationList section */
		A9339D791E9F6A6F008115A6 /* Build configuration list for PBXProject "weex-ios-demo" */ = {
			isa = XCConfigurationList;
			buildConfigurations = (
				A9339D931E9F6A6F008115A6 /* Debug */,
				A9339D941E9F6A6F008115A6 /* Release */,
			);
			defaultConfigurationIsVisible = 0;
			defaultConfigurationName = Release;
		};
		A9339D951E9F6A6F008115A6 /* Build configuration list for PBXNativeTarget "weex-ios-demo" */ = {
			isa = XCConfigurationList;
			buildConfigurations = (
				A9339D961E9F6A6F008115A6 /* Debug */,
				A9339D971E9F6A6F008115A6 /* Release */,
			);
			defaultConfigurationIsVisible = 0;
			defaultConfigurationName = Release;
		};
/* End XCConfigurationList section */
	};
	rootObject = A9339D761E9F6A6F008115A6 /* Project object */;
}
